
Microsoft Visual Studio Solution File, Format Version 12.00
# Visual Studio Version 17
VisualStudioVersion = 17.0.31903.59
MinimumVisualStudioVersion = 10.0.40219.1
Project("{FAE04EC0-301F-11D3-BF4B-00C04F79EFBC}") = "DataAccess", "DataAccess\DataAccess.csproj", "{F6A31FA9-214D-436D-9242-7061245D7929}"
EndProject
Project("{FAE04EC0-301F-11D3-BF4B-00C04F79EFBC}") = "Business", "Business\Business.csproj", "{2D289DE2-90D7-415C-9AD4-86C7060B7437}"
EndProject
Project("{FAE04EC0-301F-11D3-BF4B-00C04F79EFBC}") = "Web", "Web\Web.csproj", "{0F675773-5C11-4690-8F95-0810EC71E16D}"
EndProject
Global
	GlobalSection(SolutionConfigurationPlatforms) = preSolution
		Debug|Any CPU = Debug|Any CPU
		Debug|x64 = Debug|x64
		Debug|x86 = Debug|x86
		Release|Any CPU = Release|Any CPU
		Release|x64 = Release|x64
		Release|x86 = Release|x86
	EndGlobalSection
	GlobalSection(ProjectConfigurationPlatforms) = postSolution
		{F6A31FA9-214D-436D-9242-7061245D7929}.Debug|Any CPU.ActiveCfg = Debug|Any CPU
		{F6A31FA9-214D-436D-9242-7061245D7929}.Debug|Any CPU.Build.0 = Debug|Any CPU
		{F6A31FA9-214D-436D-9242-7061245D7929}.Debug|x64.ActiveCfg = Debug|Any CPU
		{F6A31FA9-214D-436D-9242-7061245D7929}.Debug|x64.Build.0 = Debug|Any CPU
		{F6A31FA9-214D-436D-9242-7061245D7929}.Debug|x86.ActiveCfg = Debug|Any CPU
		{F6A31FA9-214D-436D-9242-7061245D7929}.Debug|x86.Build.0 = Debug|Any CPU
		{F6A31FA9-214D-436D-9242-7061245D7929}.Release|Any CPU.ActiveCfg = Release|Any CPU
		{F6A31FA9-214D-436D-9242-7061245D7929}.Release|Any CPU.Build.0 = Release|Any CPU
		{F6A31FA9-214D-436D-9242-7061245D7929}.Release|x64.ActiveCfg = Release|Any CPU
		{F6A31FA9-214D-436D-9242-7061245D7929}.Release|x64.Build.0 = Release|Any CPU
		{F6A31FA9-214D-436D-9242-7061245D7929}.Release|x86.ActiveCfg = Release|Any CPU
		{F6A31FA9-214D-436D-9242-7061245D7929}.Release|x86.Build.0 = Release|Any CPU
		{2D289DE2-90D7-415C-9AD4-86C7060B7437}.Debug|Any CPU.ActiveCfg = Debug|Any CPU
		{2D289DE2-90D7-415C-9AD4-86C7060B7437}.Debug|Any CPU.Build.0 = Debug|Any CPU
		{2D289DE2-90D7-415C-9AD4-86C7060B7437}.Debug|x64.ActiveCfg = Debug|Any CPU
		{2D289DE2-90D7-415C-9AD4-86C7060B7437}.Debug|x64.Build.0 = Debug|Any CPU
		{2D289DE2-90D7-415C-9AD4-86C7060B7437}.Debug|x86.ActiveCfg = Debug|Any CPU
		{2D289DE2-90D7-415C-9AD4-86C7060B7437}.Debug|x86.Build.0 = Debug|Any CPU
		{2D289DE2-90D7-415C-9AD4-86C7060B7437}.Release|Any CPU.ActiveCfg = Release|Any CPU
		{2D289DE2-90D7-415C-9AD4-86C7060B7437}.Release|Any CPU.Build.0 = Release|Any CPU
		{2D289DE2-90D7-415C-9AD4-86C7060B7437}.Release|x64.ActiveCfg = Release|Any CPU
		{2D289DE2-90D7-415C-9AD4-86C7060B7437}.Release|x64.Build.0 = Release|Any CPU
		{2D289DE2-90D7-415C-9AD4-86C7060B7437}.Release|x86.ActiveCfg = Release|Any CPU
		{2D289DE2-90D7-415C-9AD4-86C7060B7437}.Release|x86.Build.0 = Release|Any CPU
		{0F675773-5C11-4690-8F95-0810EC71E16D}.Debug|Any CPU.ActiveCfg = Debug|Any CPU
		{0F675773-5C11-4690-8F95-0810EC71E16D}.Debug|Any CPU.Build.0 = Debug|Any CPU
		{0F675773-5C11-4690-8F95-0810EC71E16D}.Debug|x64.ActiveCfg = Debug|Any CPU
		{0F675773-5C11-4690-8F95-0810EC71E16D}.Debug|x64.Build.0 = Debug|Any CPU
		{0F675773-5C11-4690-8F95-0810EC71E16D}.Debug|x86.ActiveCfg = Debug|Any CPU
		{0F675773-5C11-4690-8F95-0810EC71E16D}.Debug|x86.Build.0 = Debug|Any CPU
		{0F675773-5C11-4690-8F95-0810EC71E16D}.Release|Any CPU.ActiveCfg = Release|Any CPU
		{0F675773-5C11-4690-8F95-0810EC71E16D}.Release|Any CPU.Build.0 = Release|Any CPU
		{0F675773-5C11-4690-8F95-0810EC71E16D}.Release|x64.ActiveCfg = Release|Any CPU
		{0F675773-5C11-4690-8F95-0810EC71E16D}.Release|x64.Build.0 = Release|Any CPU
		{0F675773-5C11-4690-8F95-0810EC71E16D}.Release|x86.ActiveCfg = Release|Any CPU
		{0F675773-5C11-4690-8F95-0810EC71E16D}.Release|x86.Build.0 = Release|Any CPU
	EndGlobalSection
	GlobalSection(SolutionProperties) = preSolution
		HideSolutionNode = FALSE
	EndGlobalSection
EndGlobal
